
Microsoft Visual Studio Solution File, Format Version 12.00
# Visual Studio 15
VisualStudioVersion = 15.0.28307.329
MinimumVisualStudioVersion = 10.0.40219.1
Project("{FAE04EC0-301F-11D3-BF4B-00C04F79EFBC}") = "task31", "task31\task31.csproj", "{3295E2C2-822B-48F2-9B1F-00C7B4B83832}"
EndProject
Global
	GlobalSection(SolutionConfigurationPlatforms) = preSolution
		Debug|Any CPU = Debug|Any CPU
		Release|Any CPU = Release|Any CPU
	EndGlobalSection
	GlobalSection(ProjectConfigurationPlatforms) = postSolution
		{3295E2C2-822B-48F2-9B1F-00C7B4B83832}.Debug|Any CPU.ActiveCfg = Debug|Any CPU
		{3295E2C2-822B-48F2-9B1F-00C7B4B83832}.Debug|Any CPU.Build.0 = Debug|Any CPU
		{3295E2C2-822B-48F2-9B1F-00C7B4B83832}.Release|Any CPU.ActiveCfg = Release|Any CPU
		{3295E2C2-822B-48F2-9B1F-00C7B4B83832}.Release|Any CPU.Build.0 = Release|Any CPU
	EndGlobalSection
	GlobalSection(SolutionProperties) = preSolution
		HideSolutionNode = FALSE
	EndGlobalSection
	GlobalSection(ExtensibilityGlobals) = postSolution
		SolutionGuid = {C53E2EE1-7682-4D53-B874-601DB5152B2F}
	EndGlobalSection
EndGlobal
