
Microsoft Visual Studio Solution File, Format Version 12.00
# Visual Studio 15
VisualStudioVersion = 15.0.28307.329
MinimumVisualStudioVersion = 10.0.40219.1
Project("{FAE04EC0-301F-11D3-BF4B-00C04F79EFBC}") = "task 2", "task 2\task 2.csproj", "{229E39AF-CA1B-4967-8D9C-66326D5CEDAB}"
EndProject
Global
	GlobalSection(SolutionConfigurationPlatforms) = preSolution
		Debug|Any CPU = Debug|Any CPU
		Release|Any CPU = Release|Any CPU
	EndGlobalSection
	GlobalSection(ProjectConfigurationPlatforms) = postSolution
		{229E39AF-CA1B-4967-8D9C-66326D5CEDAB}.Debug|Any CPU.ActiveCfg = Debug|Any CPU
		{229E39AF-CA1B-4967-8D9C-66326D5CEDAB}.Debug|Any CPU.Build.0 = Debug|Any CPU
		{229E39AF-CA1B-4967-8D9C-66326D5CEDAB}.Release|Any CPU.ActiveCfg = Release|Any CPU
		{229E39AF-CA1B-4967-8D9C-66326D5CEDAB}.Release|Any CPU.Build.0 = Release|Any CPU
	EndGlobalSection
	GlobalSection(SolutionProperties) = preSolution
		HideSolutionNode = FALSE
	EndGlobalSection
	GlobalSection(ExtensibilityGlobals) = postSolution
		SolutionGuid = {0698DF20-97EB-49B3-B9EB-0B9922FD7C63}
	EndGlobalSection
EndGlobal
